// !$*UTF8*$!
{
	archiveVersion = 1;
	classes = {
	};
	objectVersion = 50;
	objects = {

/* Begin PBXBuildFile section */
		3646587E24798DA40048B9A0 /* AppDelegate.swift in Sources */ = {isa = PBXBuildFile; fileRef = 3646587D24798DA40048B9A0 /* AppDelegate.swift */; };
		3646588024798DA40048B9A0 /* SceneDelegate.swift in Sources */ = {isa = PBXBuildFile; fileRef = 3646587F24798DA40048B9A0 /* SceneDelegate.swift */; };
		3646588224798DA50048B9A0 /* ViewController.swift in Sources */ = {isa = PBXBuildFile; fileRef = 3646588124798DA40048B9A0 /* ViewController.swift */; };
		3646588524798DA50048B9A0 /* Main.storyboard in Resources */ = {isa = PBXBuildFile; fileRef = 3646588324798DA50048B9A0 /* Main.storyboard */; };
		3646588724798DBB0048B9A0 /* Assets.xcassets in Resources */ = {isa = PBXBuildFile; fileRef = 3646588624798DBB0048B9A0 /* Assets.xcassets */; };
		3646588A24798DBB0048B9A0 /* LaunchScreen.storyboard in Resources */ = {isa = PBXBuildFile; fileRef = 3646588824798DBB0048B9A0 /* LaunchScreen.storyboard */; };
		3646589524798DBB0048B9A0 /* TextReaderTests.swift in Sources */ = {isa = PBXBuildFile; fileRef = 3646589424798DBB0048B9A0 /* TextReaderTests.swift */; };
/* End PBXBuildFile section */

/* Begin PBXContainerItemProxy section */
		3646589124798DBB0048B9A0 /* PBXContainerItemProxy */ = {
			isa = PBXContainerItemProxy;
			containerPortal = 3646587224798DA40048B9A0 /* Project object */;
			proxyType = 1;
			remoteGlobalIDString = 3646587924798DA40048B9A0;
			remoteInfo = TextReader;
		};
/* End PBXContainerItemProxy section */

/* Begin PBXFileReference section */
		3646587A24798DA40048B9A0 /* TextReader.app */ = {isa = PBXFileReference; explicitFileType = wrapper.application; includeInIndex = 0; path = TextReader.app; sourceTree = BUILT_PRODUCTS_DIR; };
		3646587D24798DA40048B9A0 /* AppDelegate.swift */ = {isa = PBXFileReference; lastKnownFileType = sourcecode.swift; path = AppDelegate.swift; sourceTree = "<group>"; };
		3646587F24798DA40048B9A0 /* SceneDelegate.swift */ = {isa = PBXFileReference; lastKnownFileType = sourcecode.swift; path = SceneDelegate.swift; sourceTree = "<group>"; };
		3646588124798DA40048B9A0 /* ViewController.swift */ = {isa = PBXFileReference; lastKnownFileType = sourcecode.swift; path = ViewController.swift; sourceTree = "<group>"; };
		3646588424798DA50048B9A0 /* Base */ = {isa = PBXFileReference; lastKnownFileType = file.storyboard; name = Base; path = Base.lproj/Main.storyboard; sourceTree = "<group>"; };
		3646588624798DBB0048B9A0 /* Assets.xcassets */ = {isa = PBXFileReference; lastKnownFileType = folder.assetcatalog; path = Assets.xcassets; sourceTree = "<group>"; };
		3646588924798DBB0048B9A0 /* Base */ = {isa = PBXFileReference; lastKnownFileType = file.storyboard; name = Base; path = Base.lproj/LaunchScreen.storyboard; sourceTree = "<group>"; };
		3646588B24798DBB0048B9A0 /* Info.plist */ = {isa = PBXFileReference; lastKnownFileType = text.plist.xml; path = Info.plist; sourceTree = "<group>"; };
		3646589024798DBB0048B9A0 /* TextReaderTests.xctest */ = {isa = PBXFileReference; explicitFileType = wrapper.cfbundle; includeInIndex = 0; path = TextReaderTests.xctest; sourceTree = BUILT_PRODUCTS_DIR; };
		3646589424798DBB0048B9A0 /* TextReaderTests.swift */ = {isa = PBXFileReference; lastKnownFileType = sourcecode.swift; path = TextReaderTests.swift; sourceTree = "<group>"; };
		3646589624798DBB0048B9A0 /* Info.plist */ = {isa = PBXFileReference; lastKnownFileType = text.plist.xml; path = Info.plist; sourceTree = "<group>"; };
/* End PBXFileReference section */

/* Begin PBXFrameworksBuildPhase section */
		3646587724798DA40048B9A0 /* Frameworks */ = {
			isa = PBXFrameworksBuildPhase;
			buildActionMask = 2147483647;
			files = (
			);
			runOnlyForDeploymentPostprocessing = 0;
		};
		3646588D24798DBB0048B9A0 /* Frameworks */ = {
			isa = PBXFrameworksBuildPhase;
			buildActionMask = 2147483647;
			files = (
			);
			runOnlyForDeploymentPostprocessing = 0;
		};
/* End PBXFrameworksBuildPhase section */

/* Begin PBXGroup section */
		3646587124798DA40048B9A0 = {
			isa = PBXGroup;
			children = (
				3646587C24798DA40048B9A0 /* TextReader */,
				3646589324798DBB0048B9A0 /* TextReaderTests */,
				3646587B24798DA40048B9A0 /* Products */,
			);
			sourceTree = "<group>";
		};
		3646587B24798DA40048B9A0 /* Products */ = {
			isa = PBXGroup;
			children = (
				3646587A24798DA40048B9A0 /* TextReader.app */,
				3646589024798DBB0048B9A0 /* TextReaderTests.xctest */,
			);
			name = Products;
			sourceTree = "<group>";
		};
		3646587C24798DA40048B9A0 /* TextReader */ = {
			isa = PBXGroup;
			children = (
				3646587D24798DA40048B9A0 /* AppDelegate.swift */,
				3646587F24798DA40048B9A0 /* SceneDelegate.swift */,
				3646588124798DA40048B9A0 /* ViewController.swift */,
				3646588324798DA50048B9A0 /* Main.storyboard */,
				3646588624798DBB0048B9A0 /* Assets.xcassets */,
				3646588824798DBB0048B9A0 /* LaunchScreen.storyboard */,
				3646588B24798DBB0048B9A0 /* Info.plist */,
			);
			path = TextReader;
			sourceTree = "<group>";
		};
		3646589324798DBB0048B9A0 /* TextReaderTests */ = {
			isa = PBXGroup;
			children = (
				3646589424798DBB0048B9A0 /* TextReaderTests.swift */,
				3646589624798DBB0048B9A0 /* Info.plist */,
			);
			path = TextReaderTests;
			sourceTree = "<group>";
		};
/* End PBXGroup section */

/* Begin PBXNativeTarget section */
		3646587924798DA40048B9A0 /* TextReader */ = {
			isa = PBXNativeTarget;
			buildConfigurationList = 3646589924798DBB0048B9A0 /* Build configuration list for PBXNativeTarget "TextReader" */;
			buildPhases = (
				3646587624798DA40048B9A0 /* Sources */,
				3646587724798DA40048B9A0 /* Frameworks */,
				3646587824798DA40048B9A0 /* Resources */,
			);
			buildRules = (
			);
			dependencies = (
			);
			name = TextReader;
			productName = TextReader;
			productReference = 3646587A24798DA40048B9A0 /* TextReader.app */;
			productType = "com.apple.product-type.application";
		};
		3646588F24798DBB0048B9A0 /* TextReaderTests */ = {
			isa = PBXNativeTarget;
			buildConfigurationList = 3646589C24798DBB0048B9A0 /* Build configuration list for PBXNativeTarget "TextReaderTests" */;
			buildPhases = (
				3646588C24798DBB0048B9A0 /* Sources */,
				3646588D24798DBB0048B9A0 /* Frameworks */,
				3646588E24798DBB0048B9A0 /* Resources */,
			);
			buildRules = (
			);
			dependencies = (
				3646589224798DBB0048B9A0 /* PBXTargetDependency */,
			);
			name = TextReaderTests;
			productName = TextReaderTests;
			productReference = 3646589024798DBB0048B9A0 /* TextReaderTests.xctest */;
			productType = "com.apple.product-type.bundle.unit-test";
		};
/* End PBXNativeTarget section */

/* Begin PBXProject section */
		3646587224798DA40048B9A0 /* Project object */ = {
			isa = PBXProject;
			attributes = {
				LastSwiftUpdateCheck = 1140;
				LastUpgradeCheck = 1140;
				ORGANIZATIONNAME = "Eric Internicola";
				TargetAttributes = {
					3646587924798DA40048B9A0 = {
						CreatedOnToolsVersion = 11.4;
					};
					3646588F24798DBB0048B9A0 = {
						CreatedOnToolsVersion = 11.4;
						TestTargetID = 3646587924798DA40048B9A0;
					};
				};
			};
			buildConfigurationList = 3646587524798DA40048B9A0 /* Build configuration list for PBXProject "TextReader" */;
			compatibilityVersion = "Xcode 9.3";
			developmentRegion = en;
			hasScannedForEncodings = 0;
			knownRegions = (
				en,
				Base,
			);
			mainGroup = 3646587124798DA40048B9A0;
			productRefGroup = 3646587B24798DA40048B9A0 /* Products */;
			projectDirPath = "";
			projectRoot = "";
			targets = (
				3646587924798DA40048B9A0 /* TextReader */,
				3646588F24798DBB0048B9A0 /* TextReaderTests */,
			);
		};
/* End PBXProject section */

/* Begin PBXResourcesBuildPhase section */
		3646587824798DA40048B9A0 /* Resources */ = {
			isa = PBXResourcesBuildPhase;
			buildActionMask = 2147483647;
			files = (
				3646588A24798DBB0048B9A0 /* LaunchScreen.storyboard in Resources */,
				3646588724798DBB0048B9A0 /* Assets.xcassets in Resources */,
				3646588524798DA50048B9A0 /* Main.storyboard in Resources */,
			);
			runOnlyForDeploymentPostprocessing = 0;
		};
		3646588E24798DBB0048B9A0 /* Resources */ = {
			isa = PBXResourcesBuildPhase;
			buildActionMask = 2147483647;
			files = (
			);
			runOnlyForDeploymentPostprocessing = 0;
		};
/* End PBXResourcesBuildPhase section */

/* Begin PBXSourcesBuildPhase section */
		3646587624798DA40048B9A0 /* Sources */ = {
			isa = PBXSourcesBuildPhase;
			buildActionMask = 2147483647;
			files = (
				3646588224798DA50048B9A0 /* ViewController.swift in Sources */,
				3646587E24798DA40048B9A0 /* AppDelegate.swift in Sources */,
				3646588024798DA40048B9A0 /* SceneDelegate.swift in Sources */,
			);
			runOnlyForDeploymentPostprocessing = 0;
		};
		3646588C24798DBB0048B9A0 /* Sources */ = {
			isa = PBXSourcesBuildPhase;
			buildActionMask = 2147483647;
			files = (
				3646589524798DBB0048B9A0 /* TextReaderTests.swift in Sources */,
			);
			runOnlyForDeploymentPostprocessing = 0;
		};
/* End PBXSourcesBuildPhase section */

/* Begin PBXTargetDependency section */
		3646589224798DBB0048B9A0 /* PBXTargetDependency */ = {
			isa = PBXTargetDependency;
			target = 3646587924798DA40048B9A0 /* TextReader */;
			targetProxy = 3646589124798DBB0048B9A0 /* PBXContainerItemProxy */;
		};
/* End PBXTargetDependency section */

/* Begin PBXVariantGroup section */
		3646588324798DA50048B9A0 /* Main.storyboard */ = {
			isa = PBXVariantGroup;
			children = (
				3646588424798DA50048B9A0 /* Base */,
			);
			name = Main.storyboard;
			sourceTree = "<group>";
		};
		3646588824798DBB0048B9A0 /* LaunchScreen.storyboard */ = {
			isa = PBXVariantGroup;
			children = (
				3646588924798DBB0048B9A0 /* Base */,
			);
			name = LaunchScreen.storyboard;
			sourceTree = "<group>";
		};
/* End PBXVariantGroup section */

/* Begin XCBuildConfiguration section */
		3646589724798DBB0048B9A0 /* Debug */ = {
			isa = XCBuildConfiguration;
			buildSettings = {
				ALWAYS_SEARCH_USER_PATHS = NO;
				CLANG_ANALYZER_NONNULL = YES;
				CLANG_ANALYZER_NUMBER_OBJECT_CONVERSION = YES_AGGRESSIVE;
				CLANG_CXX_LANGUAGE_STANDARD = "gnu++14";
				CLANG_CXX_LIBRARY = "libc++";
				CLANG_ENABLE_MODULES = YES;
				CLANG_ENABLE_OBJC_ARC = YES;
				CLANG_ENABLE_OBJC_WEAK = YES;
				CLANG_WARN_BLOCK_CAPTURE_AUTORELEASING = YES;
				CLANG_WARN_BOOL_CONVERSION = YES;
				CLANG_WARN_COMMA = YES;
				CLANG_WARN_CONSTANT_CONVERSION = YES;
				CLANG_WARN_DEPRECATED_OBJC_IMPLEMENTATIONS = YES;
				CLANG_WARN_DIRECT_OBJC_ISA_USAGE = YES_ERROR;
				CLANG_WARN_DOCUMENTATION_COMMENTS = YES;
				CLANG_WARN_EMPTY_BODY = YES;
				CLANG_WARN_ENUM_CONVERSION = YES;
				CLANG_WARN_INFINITE_RECURSION = YES;
				CLANG_WARN_INT_CONVERSION = YES;
				CLANG_WARN_NON_LITERAL_NULL_CONVERSION = YES;
				CLANG_WARN_OBJC_IMPLICIT_RETAIN_SELF = YES;
				CLANG_WARN_OBJC_LITERAL_CONVERSION = YES;
				CLANG_WARN_OBJC_ROOT_CLASS = YES_ERROR;
				CLANG_WARN_RANGE_LOOP_ANALYSIS = YES;
				CLANG_WARN_STRICT_PROTOTYPES = YES;
				CLANG_WARN_SUSPICIOUS_MOVE = YES;
				CLANG_WARN_UNGUARDED_AVAILABILITY = YES_AGGRESSIVE;
				CLANG_WARN_UNREACHABLE_CODE = YES;
				CLANG_WARN__DUPLICATE_METHOD_MATCH = YES;
				COPY_PHASE_STRIP = NO;
				DEBUG_INFORMATION_FORMAT = dwarf;
				ENABLE_STRICT_OBJC_MSGSEND = YES;
				ENABLE_TESTABILITY = YES;
				GCC_C_LANGUAGE_STANDARD = gnu11;
				GCC_DYNAMIC_NO_PIC = NO;
				GCC_NO_COMMON_BLOCKS = YES;
				GCC_OPTIMIZATION_LEVEL = 0;
				GCC_PREPROCESSOR_DEFINITIONS = (
					"DEBUG=1",
					"$(inherited)",
				);
				GCC_WARN_64_TO_32_BIT_CONVERSION = YES;
				GCC_WARN_ABOUT_RETURN_TYPE = YES_ERROR;
				GCC_WARN_UNDECLARED_SELECTOR = YES;
				GCC_WARN_UNINITIALIZED_AUTOS = YES_AGGRESSIVE;
				GCC_WARN_UNUSED_FUNCTION = YES;
				GCC_WARN_UNUSED_VARIABLE = YES;
				IPHONEOS_DEPLOYMENT_TARGET = 13.4;
				MTL_ENABLE_DEBUG_INFO = INCLUDE_SOURCE;
				MTL_FAST_MATH = YES;
				ONLY_ACTIVE_ARCH = YES;
				SDKROOT = iphoneos;
				SWIFT_ACTIVE_COMPILATION_CONDITIONS = DEBUG;
				SWIFT_OPTIMIZATION_LEVEL = "-Onone";
			};
			name = Debug;
		};
		3646589824798DBB0048B9A0 /* Release */ = {
			isa = XCBuildConfiguration;
			buildSettings = {
				ALWAYS_SEARCH_USER_PATHS = NO;
				CLANG_ANALYZER_NONNULL = YES;
				CLANG_ANALYZER_NUMBER_OBJECT_CONVERSION = YES_AGGRESSIVE;
				CLANG_CXX_LANGUAGE_STANDARD = "gnu++14";
				CLANG_CXX_LIBRARY = "libc++";
				CLANG_ENABLE_MODULES = YES;
				CLANG_ENABLE_OBJC_ARC = YES;
				CLANG_ENABLE_OBJC_WEAK = YES;
				CLANG_WARN_BLOCK_CAPTURE_AUTORELEASING = YES;
				CLANG_WARN_BOOL_CONVERSION = YES;
				CLANG_WARN_COMMA = YES;
				CLANG_WARN_CONSTANT_CONVERSION = YES;
				CLANG_WARN_DEPRECATED_OBJC_IMPLEMENTATIONS = YES;
				CLANG_WARN_DIRECT_OBJC_ISA_USAGE = YES_ERROR;
				CLANG_WARN_DOCUMENTATION_COMMENTS = YES;
				CLANG_WARN_EMPTY_BODY = YES;
				CLANG_WARN_ENUM_CONVERSION = YES;
				CLANG_WARN_INFINITE_RECURSION = YES;
				CLANG_WARN_INT_CONVERSION = YES;
				CLANG_WARN_NON_LITERAL_NULL_CONVERSION = YES;
				CLANG_WARN_OBJC_IMPLICIT_RETAIN_SELF = YES;
				CLANG_WARN_OBJC_LITERAL_CONVERSION = YES;
				CLANG_WARN_OBJC_ROOT_CLASS = YES_ERROR;
				CLANG_WARN_RANGE_LOOP_ANALYSIS = YES;
				CLANG_WARN_STRICT_PROTOTYPES = YES;
				CLANG_WARN_SUSPICIOUS_MOVE = YES;
				CLANG_WARN_UNGUARDED_AVAILABILITY = YES_AGGRESSIVE;
				CLANG_WARN_UNREACHABLE_CODE = YES;
				CLANG_WARN__DUPLICATE_METHOD_MATCH = YES;
				COPY_PHASE_STRIP = NO;
				DEBUG_INFORMATION_FORMAT = "dwarf-with-dsym";
				ENABLE_NS_ASSERTIONS = NO;
				ENABLE_STRICT_OBJC_MSGSEND = YES;
				GCC_C_LANGUAGE_STANDARD = gnu11;
				GCC_NO_COMMON_BLOCKS = YES;
				GCC_WARN_64_TO_32_BIT_CONVERSION = YES;
				GCC_WARN_ABOUT_RETURN_TYPE = YES_ERROR;
				GCC_WARN_UNDECLARED_SELECTOR = YES;
				GCC_WARN_UNINITIALIZED_AUTOS = YES_AGGRESSIVE;
				GCC_WARN_UNUSED_FUNCTION = YES;
				GCC_WARN_UNUSED_VARIABLE = YES;
				IPHONEOS_DEPLOYMENT_TARGET = 13.4;
				MTL_ENABLE_DEBUG_INFO = NO;
				MTL_FAST_MATH = YES;
				SDKROOT = iphoneos;
				SWIFT_COMPILATION_MODE = wholemodule;
				SWIFT_OPTIMIZATION_LEVEL = "-O";
				VALIDATE_PRODUCT = YES;
			};
			name = Release;
		};
		3646589A24798DBB0048B9A0 /* Debug */ = {
			isa = XCBuildConfiguration;
			buildSettings = {
				ASSETCATALOG_COMPILER_APPICON_NAME = AppIcon;
				CODE_SIGN_STYLE = Automatic;
				INFOPLIST_FILE = TextReader/Info.plist;
				LD_RUNPATH_SEARCH_PATHS = (
					"$(inherited)",
					"@executable_path/Frameworks",
				);
				PRODUCT_BUNDLE_IDENTIFIER = com.intere.TextReader;
				PRODUCT_NAME = "$(TARGET_NAME)";
				SWIFT_VERSION = 5.0;
				TARGETED_DEVICE_FAMILY = "1,2";
			};
			name = Debug;
		};
		3646589B24798DBB0048B9A0 /* Release */ = {
			isa = XCBuildConfiguration;
			buildSettings = {
				ASSETCATALOG_COMPILER_APPICON_NAME = AppIcon;
				CODE_SIGN_STYLE = Automatic;
				INFOPLIST_FILE = TextReader/Info.plist;
				LD_RUNPATH_SEARCH_PATHS = (
					"$(inherited)",
					"@executable_path/Frameworks",
				);
				PRODUCT_BUNDLE_IDENTIFIER = com.intere.TextReader;
				PRODUCT_NAME = "$(TARGET_NAME)";
				SWIFT_VERSION = 5.0;
				TARGETED_DEVICE_FAMILY = "1,2";
			};
			name = Release;
		};
		3646589D24798DBB0048B9A0 /* Debug */ = {
			isa = XCBuildConfiguration;
			buildSettings = {
				ALWAYS_EMBED_SWIFT_STANDARD_LIBRARIES = YES;
				BUNDLE_LOADER = "$(TEST_HOST)";
				CODE_SIGN_STYLE = Automatic;
				INFOPLIST_FILE = TextReaderTests/Info.plist;
				IPHONEOS_DEPLOYMENT_TARGET = 13.4;
				LD_RUNPATH_SEARCH_PATHS = (
					"$(inherited)",
					"@executable_path/Frameworks",
					"@loader_path/Frameworks",
				);
				PRODUCT_BUNDLE_IDENTIFIER = com.intere.TextReaderTests;
				PRODUCT_NAME = "$(TARGET_NAME)";
				SWIFT_VERSION = 5.0;
				TARGETED_DEVICE_FAMILY = "1,2";
				TEST_HOST = "$(BUILT_PRODUCTS_DIR)/TextReader.app/TextReader";
			};
			name = Debug;
		};
		3646589E24798DBB0048B9A0 /* Release */ = {
			isa = XCBuildConfiguration;
			buildSettings = {
				ALWAYS_EMBED_SWIFT_STANDARD_LIBRARIES = YES;
				BUNDLE_LOADER = "$(TEST_HOST)";
				CODE_SIGN_STYLE = Automatic;
				INFOPLIST_FILE = TextReaderTests/Info.plist;
				IPHONEOS_DEPLOYMENT_TARGET = 13.4;
				LD_RUNPATH_SEARCH_PATHS = (
					"$(inherited)",
					"@executable_path/Frameworks",
					"@loader_path/Frameworks",
				);
				PRODUCT_BUNDLE_IDENTIFIER = com.intere.TextReaderTests;
				PRODUCT_NAME = "$(TARGET_NAME)";
				SWIFT_VERSION = 5.0;
				TARGETED_DEVICE_FAMILY = "1,2";
				TEST_HOST = "$(BUILT_PRODUCTS_DIR)/TextReader.app/TextReader";
			};
			name = Release;
		};
/* End XCBuildConfiguration section */

/* Begin XCConfigurationList section */
		3646587524798DA40048B9A0 /* Build configuration list for PBXProject "TextReader" */ = {
			isa = XCConfigurationList;
			buildConfigurations = (
				3646589724798DBB0048B9A0 /* Debug */,
				3646589824798DBB0048B9A0 /* Release */,
			);
			defaultConfigurationIsVisible = 0;
			defaultConfigurationName = Release;
		};
		3646589924798DBB0048B9A0 /* Build configuration list for PBXNativeTarget "TextReader" */ = {
			isa = XCConfigurationList;
			buildConfigurations = (
				3646589A24798DBB0048B9A0 /* Debug */,
				3646589B24798DBB0048B9A0 /* Release */,
			);
			defaultConfigurationIsVisible = 0;
			defaultConfigurationName = Release;
		};
		3646589C24798DBB0048B9A0 /* Build configuration list for PBXNativeTarget "TextReaderTests" */ = {
			isa = XCConfigurationList;
			buildConfigurations = (
				3646589D24798DBB0048B9A0 /* Debug */,
				3646589E24798DBB0048B9A0 /* Release */,
			);
			defaultConfigurationIsVisible = 0;
			defaultConfigurationName = Release;
		};
/* End XCConfigurationList section */
	};
	rootObject = 3646587224798DA40048B9A0 /* Project object */;
}
